
Microsoft Visual Studio Solution File, Format Version 12.00
# Visual Studio 14
VisualStudioVersion = 14.0.25123.0
MinimumVisualStudioVersion = 10.0.40219.1
Project("{FAE04EC0-301F-11D3-BF4B-00C04F79EFBC}") = "BoxOfWishes.Droid", "BoxOfWishes\BoxOfWishes.Droid\BoxOfWishes.Droid.csproj", "{89AD8181-478F-46ED-B11A-11F587F92CCA}"
EndProject
Project("{FAE04EC0-301F-11D3-BF4B-00C04F79EFBC}") = "BoxOfWishes.iOS", "BoxOfWishes\BoxOfWishes.iOS\BoxOfWishes.iOS.csproj", "{63D37A0D-8602-43AB-B19C-B3B5B3B41086}"
EndProject
Project("{FAE04EC0-301F-11D3-BF4B-00C04F79EFBC}") = "BoxOfWishes.WinPhone", "BoxOfWishes\BoxOfWishes.WinPhone\BoxOfWishes.WinPhone.csproj", "{0F7C352F-1FC3-40C9-B11C-E9906092D6B1}"
	ProjectSection(ProjectDependencies) = postProject
		{85FADF1F-0631-4076-A62D-D102D8F055CB} = {85FADF1F-0631-4076-A62D-D102D8F055CB}
	EndProjectSection
EndProject
Project("{FAE04EC0-301F-11D3-BF4B-00C04F79EFBC}") = "BoxOfWishes.UWP", "BoxOfWishes\BoxOfWishes.UWP\BoxOfWishes.UWP.csproj", "{46CEE386-55D7-4DB9-8A0E-4C31771FE150}"
	ProjectSection(ProjectDependencies) = postProject
		{85FADF1F-0631-4076-A62D-D102D8F055CB} = {85FADF1F-0631-4076-A62D-D102D8F055CB}
	EndProjectSection
EndProject
Project("{FAE04EC0-301F-11D3-BF4B-00C04F79EFBC}") = "BoxOfWishes.Windows", "BoxOfWishes\BoxOfWishes.Windows\BoxOfWishes.Windows.csproj", "{72B47449-D616-43F6-BE54-5485FDC34A40}"
	ProjectSection(ProjectDependencies) = postProject
		{85FADF1F-0631-4076-A62D-D102D8F055CB} = {85FADF1F-0631-4076-A62D-D102D8F055CB}
	EndProjectSection
EndProject
Project("{FAE04EC0-301F-11D3-BF4B-00C04F79EFBC}") = "BoxOfWishes", "BoxOfWishes\BoxOfWishes\BoxOfWishes.csproj", "{85FADF1F-0631-4076-A62D-D102D8F055CB}"
EndProject
Global
	GlobalSection(SolutionConfigurationPlatforms) = preSolution
		Ad-Hoc|Any CPU = Ad-Hoc|Any CPU
		Ad-Hoc|ARM = Ad-Hoc|ARM
		Ad-Hoc|iPhone = Ad-Hoc|iPhone
		Ad-Hoc|iPhoneSimulator = Ad-Hoc|iPhoneSimulator
		Ad-Hoc|Mixed Platforms = Ad-Hoc|Mixed Platforms
		Ad-Hoc|x64 = Ad-Hoc|x64
		Ad-Hoc|x86 = Ad-Hoc|x86
		AppStore|Any CPU = AppStore|Any CPU
		AppStore|ARM = AppStore|ARM
		AppStore|iPhone = AppStore|iPhone
		AppStore|iPhoneSimulator = AppStore|iPhoneSimulator
		AppStore|Mixed Platforms = AppStore|Mixed Platforms
		AppStore|x64 = AppStore|x64
		AppStore|x86 = AppStore|x86
		Debug|Any CPU = Debug|Any CPU
		Debug|ARM = Debug|ARM
		Debug|iPhone = Debug|iPhone
		Debug|iPhoneSimulator = Debug|iPhoneSimulator
		Debug|Mixed Platforms = Debug|Mixed Platforms
		Debug|x64 = Debug|x64
		Debug|x86 = Debug|x86
		Release|Any CPU = Release|Any CPU
		Release|ARM = Release|ARM
		Release|iPhone = Release|iPhone
		Release|iPhoneSimulator = Release|iPhoneSimulator
		Release|Mixed Platforms = Release|Mixed Platforms
		Release|x64 = Release|x64
		Release|x86 = Release|x86
	EndGlobalSection
	GlobalSection(ProjectConfigurationPlatforms) = postSolution
		{89AD8181-478F-46ED-B11A-11F587F92CCA}.Ad-Hoc|Any CPU.ActiveCfg = Release|Any CPU
		{89AD8181-478F-46ED-B11A-11F587F92CCA}.Ad-Hoc|Any CPU.Build.0 = Release|Any CPU
		{89AD8181-478F-46ED-B11A-11F587F92CCA}.Ad-Hoc|Any CPU.Deploy.0 = Release|Any CPU
		{89AD8181-478F-46ED-B11A-11F587F92CCA}.Ad-Hoc|ARM.ActiveCfg = Release|Any CPU
		{89AD8181-478F-46ED-B11A-11F587F92CCA}.Ad-Hoc|ARM.Build.0 = Release|Any CPU
		{89AD8181-478F-46ED-B11A-11F587F92CCA}.Ad-Hoc|ARM.Deploy.0 = Release|Any CPU
		{89AD8181-478F-46ED-B11A-11F587F92CCA}.Ad-Hoc|iPhone.ActiveCfg = Release|Any CPU
		{89AD8181-478F-46ED-B11A-11F587F92CCA}.Ad-Hoc|iPhone.Build.0 = Release|Any CPU
		{89AD8181-478F-46ED-B11A-11F587F92CCA}.Ad-Hoc|iPhone.Deploy.0 = Release|Any CPU
		{89AD8181-478F-46ED-B11A-11F587F92CCA}.Ad-Hoc|iPhoneSimulator.ActiveCfg = Release|Any CPU
		{89AD8181-478F-46ED-B11A-11F587F92CCA}.Ad-Hoc|iPhoneSimulator.Build.0 = Release|Any CPU
		{89AD8181-478F-46ED-B11A-11F587F92CCA}.Ad-Hoc|iPhoneSimulator.Deploy.0 = Release|Any CPU
		{89AD8181-478F-46ED-B11A-11F587F92CCA}.Ad-Hoc|Mixed Platforms.ActiveCfg = Debug|Any CPU
		{89AD8181-478F-46ED-B11A-11F587F92CCA}.Ad-Hoc|Mixed Platforms.Build.0 = Debug|Any CPU
		{89AD8181-478F-46ED-B11A-11F587F92CCA}.Ad-Hoc|Mixed Platforms.Deploy.0 = Debug|Any CPU
		{89AD8181-478F-46ED-B11A-11F587F92CCA}.Ad-Hoc|x64.ActiveCfg = Release|Any CPU
		{89AD8181-478F-46ED-B11A-11F587F92CCA}.Ad-Hoc|x64.Build.0 = Release|Any CPU
		{89AD8181-478F-46ED-B11A-11F587F92CCA}.Ad-Hoc|x64.Deploy.0 = Release|Any CPU
		{89AD8181-478F-46ED-B11A-11F587F92CCA}.Ad-Hoc|x86.ActiveCfg = Release|Any CPU
		{89AD8181-478F-46ED-B11A-11F587F92CCA}.Ad-Hoc|x86.Build.0 = Release|Any CPU
		{89AD8181-478F-46ED-B11A-11F587F92CCA}.Ad-Hoc|x86.Deploy.0 = Release|Any CPU
		{89AD8181-478F-46ED-B11A-11F587F92CCA}.AppStore|Any CPU.ActiveCfg = Release|Any CPU
		{89AD8181-478F-46ED-B11A-11F587F92CCA}.AppStore|Any CPU.Build.0 = Release|Any CPU
		{89AD8181-478F-46ED-B11A-11F587F92CCA}.AppStore|Any CPU.Deploy.0 = Release|Any CPU
		{89AD8181-478F-46ED-B11A-11F587F92CCA}.AppStore|ARM.ActiveCfg = Release|Any CPU
		{89AD8181-478F-46ED-B11A-11F587F92CCA}.AppStore|ARM.Build.0 = Release|Any CPU
		{89AD8181-478F-46ED-B11A-11F587F92CCA}.AppStore|ARM.Deploy.0 = Release|Any CPU
		{89AD8181-478F-46ED-B11A-11F587F92CCA}.AppStore|iPhone.ActiveCfg = Release|Any CPU
		{89AD8181-478F-46ED-B11A-11F587F92CCA}.AppStore|iPhone.Build.0 = Release|Any CPU
		{89AD8181-478F-46ED-B11A-11F587F92CCA}.AppStore|iPhone.Deploy.0 = Release|Any CPU
		{89AD8181-478F-46ED-B11A-11F587F92CCA}.AppStore|iPhoneSimulator.ActiveCfg = Release|Any CPU
		{89AD8181-478F-46ED-B11A-11F587F92CCA}.AppStore|iPhoneSimulator.Build.0 = Release|Any CPU
		{89AD8181-478F-46ED-B11A-11F587F92CCA}.AppStore|iPhoneSimulator.Deploy.0 = Release|Any CPU
		{89AD8181-478F-46ED-B11A-11F587F92CCA}.AppStore|Mixed Platforms.ActiveCfg = Debug|Any CPU
		{89AD8181-478F-46ED-B11A-11F587F92CCA}.AppStore|Mixed Platforms.Build.0 = Debug|Any CPU
		{89AD8181-478F-46ED-B11A-11F587F92CCA}.AppStore|Mixed Platforms.Deploy.0 = Debug|Any CPU
		{89AD8181-478F-46ED-B11A-11F587F92CCA}.AppStore|x64.ActiveCfg = Release|Any CPU
		{89AD8181-478F-46ED-B11A-11F587F92CCA}.AppStore|x64.Build.0 = Release|Any CPU
		{89AD8181-478F-46ED-B11A-11F587F92CCA}.AppStore|x64.Deploy.0 = Release|Any CPU
		{89AD8181-478F-46ED-B11A-11F587F92CCA}.AppStore|x86.ActiveCfg = Release|Any CPU
		{89AD8181-478F-46ED-B11A-11F587F92CCA}.AppStore|x86.Build.0 = Release|Any CPU
		{89AD8181-478F-46ED-B11A-11F587F92CCA}.AppStore|x86.Deploy.0 = Release|Any CPU
		{89AD8181-478F-46ED-B11A-11F587F92CCA}.Debug|Any CPU.ActiveCfg = Debug|Any CPU
		{89AD8181-478F-46ED-B11A-11F587F92CCA}.Debug|Any CPU.Build.0 = Debug|Any CPU
		{89AD8181-478F-46ED-B11A-11F587F92CCA}.Debug|Any CPU.Deploy.0 = Debug|Any CPU
		{89AD8181-478F-46ED-B11A-11F587F92CCA}.Debug|ARM.ActiveCfg = Debug|Any CPU
		{89AD8181-478F-46ED-B11A-11F587F92CCA}.Debug|ARM.Build.0 = Debug|Any CPU
		{89AD8181-478F-46ED-B11A-11F587F92CCA}.Debug|ARM.Deploy.0 = Debug|Any CPU
		{89AD8181-478F-46ED-B11A-11F587F92CCA}.Debug|iPhone.ActiveCfg = Debug|Any CPU
		{89AD8181-478F-46ED-B11A-11F587F92CCA}.Debug|iPhone.Build.0 = Debug|Any CPU
		{89AD8181-478F-46ED-B11A-11F587F92CCA}.Debug|iPhone.Deploy.0 = Debug|Any CPU
		{89AD8181-478F-46ED-B11A-11F587F92CCA}.Debug|iPhoneSimulator.ActiveCfg = Debug|Any CPU
		{89AD8181-478F-46ED-B11A-11F587F92CCA}.Debug|iPhoneSimulator.Build.0 = Debug|Any CPU
		{89AD8181-478F-46ED-B11A-11F587F92CCA}.Debug|iPhoneSimulator.Deploy.0 = Debug|Any CPU
		{89AD8181-478F-46ED-B11A-11F587F92CCA}.Debug|Mixed Platforms.ActiveCfg = Debug|Any CPU
		{89AD8181-478F-46ED-B11A-11F587F92CCA}.Debug|Mixed Platforms.Build.0 = Debug|Any CPU
		{89AD8181-478F-46ED-B11A-11F587F92CCA}.Debug|Mixed Platforms.Deploy.0 = Debug|Any CPU
		{89AD8181-478F-46ED-B11A-11F587F92CCA}.Debug|x64.ActiveCfg = Debug|Any CPU
		{89AD8181-478F-46ED-B11A-11F587F92CCA}.Debug|x64.Build.0 = Debug|Any CPU
		{89AD8181-478F-46ED-B11A-11F587F92CCA}.Debug|x64.Deploy.0 = Debug|Any CPU
		{89AD8181-478F-46ED-B11A-11F587F92CCA}.Debug|x86.ActiveCfg = Debug|Any CPU
		{89AD8181-478F-46ED-B11A-11F587F92CCA}.Debug|x86.Build.0 = Debug|Any CPU
		{89AD8181-478F-46ED-B11A-11F587F92CCA}.Debug|x86.Deploy.0 = Debug|Any CPU
		{89AD8181-478F-46ED-B11A-11F587F92CCA}.Release|Any CPU.ActiveCfg = Release|Any CPU
		{89AD8181-478F-46ED-B11A-11F587F92CCA}.Release|Any CPU.Build.0 = Release|Any CPU
		{89AD8181-478F-46ED-B11A-11F587F92CCA}.Release|Any CPU.Deploy.0 = Release|Any CPU
		{89AD8181-478F-46ED-B11A-11F587F92CCA}.Release|ARM.ActiveCfg = Release|Any CPU
		{89AD8181-478F-46ED-B11A-11F587F92CCA}.Release|ARM.Build.0 = Release|Any CPU
		{89AD8181-478F-46ED-B11A-11F587F92CCA}.Release|ARM.Deploy.0 = Release|Any CPU
		{89AD8181-478F-46ED-B11A-11F587F92CCA}.Release|iPhone.ActiveCfg = Release|Any CPU
		{89AD8181-478F-46ED-B11A-11F587F92CCA}.Release|iPhone.Build.0 = Release|Any CPU
		{89AD8181-478F-46ED-B11A-11F587F92CCA}.Release|iPhone.Deploy.0 = Release|Any CPU
		{89AD8181-478F-46ED-B11A-11F587F92CCA}.Release|iPhoneSimulator.ActiveCfg = Release|Any CPU
		{89AD8181-478F-46ED-B11A-11F587F92CCA}.Release|iPhoneSimulator.Build.0 = Release|Any CPU
		{89AD8181-478F-46ED-B11A-11F587F92CCA}.Release|iPhoneSimulator.Deploy.0 = Release|Any CPU
		{89AD8181-478F-46ED-B11A-11F587F92CCA}.Release|Mixed Platforms.ActiveCfg = Release|Any CPU
		{89AD8181-478F-46ED-B11A-11F587F92CCA}.Release|Mixed Platforms.Build.0 = Release|Any CPU
		{89AD8181-478F-46ED-B11A-11F587F92CCA}.Release|Mixed Platforms.Deploy.0 = Release|Any CPU
		{89AD8181-478F-46ED-B11A-11F587F92CCA}.Release|x64.ActiveCfg = Release|Any CPU
		{89AD8181-478F-46ED-B11A-11F587F92CCA}.Release|x64.Build.0 = Release|Any CPU
		{89AD8181-478F-46ED-B11A-11F587F92CCA}.Release|x64.Deploy.0 = Release|Any CPU
		{89AD8181-478F-46ED-B11A-11F587F92CCA}.Release|x86.ActiveCfg = Release|Any CPU
		{89AD8181-478F-46ED-B11A-11F587F92CCA}.Release|x86.Build.0 = Release|Any CPU
		{89AD8181-478F-46ED-B11A-11F587F92CCA}.Release|x86.Deploy.0 = Release|Any CPU
		{63D37A0D-8602-43AB-B19C-B3B5B3B41086}.Ad-Hoc|Any CPU.ActiveCfg = Ad-Hoc|iPhone
		{63D37A0D-8602-43AB-B19C-B3B5B3B41086}.Ad-Hoc|ARM.ActiveCfg = Ad-Hoc|iPhone
		{63D37A0D-8602-43AB-B19C-B3B5B3B41086}.Ad-Hoc|iPhone.ActiveCfg = Ad-Hoc|iPhone
		{63D37A0D-8602-43AB-B19C-B3B5B3B41086}.Ad-Hoc|iPhone.Build.0 = Ad-Hoc|iPhone
		{63D37A0D-8602-43AB-B19C-B3B5B3B41086}.Ad-Hoc|iPhoneSimulator.ActiveCfg = Ad-Hoc|iPhoneSimulator
		{63D37A0D-8602-43AB-B19C-B3B5B3B41086}.Ad-Hoc|iPhoneSimulator.Build.0 = Ad-Hoc|iPhoneSimulator
		{63D37A0D-8602-43AB-B19C-B3B5B3B41086}.Ad-Hoc|Mixed Platforms.ActiveCfg = Ad-Hoc|iPhoneSimulator
		{63D37A0D-8602-43AB-B19C-B3B5B3B41086}.Ad-Hoc|Mixed Platforms.Build.0 = Ad-Hoc|iPhoneSimulator
		{63D37A0D-8602-43AB-B19C-B3B5B3B41086}.Ad-Hoc|x64.ActiveCfg = Ad-Hoc|iPhone
		{63D37A0D-8602-43AB-B19C-B3B5B3B41086}.Ad-Hoc|x86.ActiveCfg = Ad-Hoc|iPhone
		{63D37A0D-8602-43AB-B19C-B3B5B3B41086}.AppStore|Any CPU.ActiveCfg = AppStore|iPhone
		{63D37A0D-8602-43AB-B19C-B3B5B3B41086}.AppStore|ARM.ActiveCfg = AppStore|iPhone
		{63D37A0D-8602-43AB-B19C-B3B5B3B41086}.AppStore|iPhone.ActiveCfg = AppStore|iPhone
		{63D37A0D-8602-43AB-B19C-B3B5B3B41086}.AppStore|iPhone.Build.0 = AppStore|iPhone
		{63D37A0D-8602-43AB-B19C-B3B5B3B41086}.AppStore|iPhoneSimulator.ActiveCfg = AppStore|iPhoneSimulator
		{63D37A0D-8602-43AB-B19C-B3B5B3B41086}.AppStore|iPhoneSimulator.Build.0 = AppStore|iPhoneSimulator
		{63D37A0D-8602-43AB-B19C-B3B5B3B41086}.AppStore|Mixed Platforms.ActiveCfg = AppStore|iPhoneSimulator
		{63D37A0D-8602-43AB-B19C-B3B5B3B41086}.AppStore|Mixed Platforms.Build.0 = AppStore|iPhoneSimulator
		{63D37A0D-8602-43AB-B19C-B3B5B3B41086}.AppStore|x64.ActiveCfg = AppStore|iPhone
		{63D37A0D-8602-43AB-B19C-B3B5B3B41086}.AppStore|x86.ActiveCfg = AppStore|iPhone
		{63D37A0D-8602-43AB-B19C-B3B5B3B41086}.Debug|Any CPU.ActiveCfg = Debug|iPhone
		{63D37A0D-8602-43AB-B19C-B3B5B3B41086}.Debug|ARM.ActiveCfg = Debug|iPhone
		{63D37A0D-8602-43AB-B19C-B3B5B3B41086}.Debug|iPhone.ActiveCfg = Debug|iPhone
		{63D37A0D-8602-43AB-B19C-B3B5B3B41086}.Debug|iPhone.Build.0 = Debug|iPhone
		{63D37A0D-8602-43AB-B19C-B3B5B3B41086}.Debug|iPhoneSimulator.ActiveCfg = Debug|iPhoneSimulator
		{63D37A0D-8602-43AB-B19C-B3B5B3B41086}.Debug|iPhoneSimulator.Build.0 = Debug|iPhoneSimulator
		{63D37A0D-8602-43AB-B19C-B3B5B3B41086}.Debug|Mixed Platforms.ActiveCfg = Debug|iPhoneSimulator
		{63D37A0D-8602-43AB-B19C-B3B5B3B41086}.Debug|Mixed Platforms.Build.0 = Debug|iPhoneSimulator
		{63D37A0D-8602-43AB-B19C-B3B5B3B41086}.Debug|x64.ActiveCfg = Debug|iPhone
		{63D37A0D-8602-43AB-B19C-B3B5B3B41086}.Debug|x86.ActiveCfg = Debug|iPhone
		{63D37A0D-8602-43AB-B19C-B3B5B3B41086}.Release|Any CPU.ActiveCfg = Release|iPhone
		{63D37A0D-8602-43AB-B19C-B3B5B3B41086}.Release|ARM.ActiveCfg = Release|iPhone
		{63D37A0D-8602-43AB-B19C-B3B5B3B41086}.Release|iPhone.ActiveCfg = Release|iPhone
		{63D37A0D-8602-43AB-B19C-B3B5B3B41086}.Release|iPhone.Build.0 = Release|iPhone
		{63D37A0D-8602-43AB-B19C-B3B5B3B41086}.Release|iPhoneSimulator.ActiveCfg = Release|iPhoneSimulator
		{63D37A0D-8602-43AB-B19C-B3B5B3B41086}.Release|iPhoneSimulator.Build.0 = Release|iPhoneSimulator
		{63D37A0D-8602-43AB-B19C-B3B5B3B41086}.Release|Mixed Platforms.ActiveCfg = Release|iPhoneSimulator
		{63D37A0D-8602-43AB-B19C-B3B5B3B41086}.Release|Mixed Platforms.Build.0 = Release|iPhoneSimulator
		{63D37A0D-8602-43AB-B19C-B3B5B3B41086}.Release|x64.ActiveCfg = Release|iPhone
		{63D37A0D-8602-43AB-B19C-B3B5B3B41086}.Release|x86.ActiveCfg = Release|iPhone
		{0F7C352F-1FC3-40C9-B11C-E9906092D6B1}.Ad-Hoc|Any CPU.ActiveCfg = Release|Any CPU
		{0F7C352F-1FC3-40C9-B11C-E9906092D6B1}.Ad-Hoc|Any CPU.Build.0 = Release|Any CPU
		{0F7C352F-1FC3-40C9-B11C-E9906092D6B1}.Ad-Hoc|Any CPU.Deploy.0 = Release|Any CPU
		{0F7C352F-1FC3-40C9-B11C-E9906092D6B1}.Ad-Hoc|ARM.ActiveCfg = Release|ARM
		{0F7C352F-1FC3-40C9-B11C-E9906092D6B1}.Ad-Hoc|ARM.Build.0 = Release|ARM
		{0F7C352F-1FC3-40C9-B11C-E9906092D6B1}.Ad-Hoc|ARM.Deploy.0 = Release|ARM
		{0F7C352F-1FC3-40C9-B11C-E9906092D6B1}.Ad-Hoc|iPhone.ActiveCfg = Release|Any CPU
		{0F7C352F-1FC3-40C9-B11C-E9906092D6B1}.Ad-Hoc|iPhone.Build.0 = Release|Any CPU
		{0F7C352F-1FC3-40C9-B11C-E9906092D6B1}.Ad-Hoc|iPhone.Deploy.0 = Release|Any CPU
		{0F7C352F-1FC3-40C9-B11C-E9906092D6B1}.Ad-Hoc|iPhoneSimulator.ActiveCfg = Release|Any CPU
		{0F7C352F-1FC3-40C9-B11C-E9906092D6B1}.Ad-Hoc|iPhoneSimulator.Build.0 = Release|Any CPU
		{0F7C352F-1FC3-40C9-B11C-E9906092D6B1}.Ad-Hoc|iPhoneSimulator.Deploy.0 = Release|Any CPU
		{0F7C352F-1FC3-40C9-B11C-E9906092D6B1}.Ad-Hoc|Mixed Platforms.ActiveCfg = Debug|x86
		{0F7C352F-1FC3-40C9-B11C-E9906092D6B1}.Ad-Hoc|Mixed Platforms.Build.0 = Debug|x86
		{0F7C352F-1FC3-40C9-B11C-E9906092D6B1}.Ad-Hoc|Mixed Platforms.Deploy.0 = Debug|x86
		{0F7C352F-1FC3-40C9-B11C-E9906092D6B1}.Ad-Hoc|x64.ActiveCfg = Release|Any CPU
		{0F7C352F-1FC3-40C9-B11C-E9906092D6B1}.Ad-Hoc|x64.Build.0 = Release|Any CPU
		{0F7C352F-1FC3-40C9-B11C-E9906092D6B1}.Ad-Hoc|x64.Deploy.0 = Release|Any CPU
		{0F7C352F-1FC3-40C9-B11C-E9906092D6B1}.Ad-Hoc|x86.ActiveCfg = Release|x86
		{0F7C352F-1FC3-40C9-B11C-E9906092D6B1}.Ad-Hoc|x86.Build.0 = Release|x86
		{0F7C352F-1FC3-40C9-B11C-E9906092D6B1}.Ad-Hoc|x86.Deploy.0 = Release|x86
		{0F7C352F-1FC3-40C9-B11C-E9906092D6B1}.AppStore|Any CPU.ActiveCfg = Release|Any CPU
		{0F7C352F-1FC3-40C9-B11C-E9906092D6B1}.AppStore|Any CPU.Build.0 = Release|Any CPU
		{0F7C352F-1FC3-40C9-B11C-E9906092D6B1}.AppStore|Any CPU.Deploy.0 = Release|Any CPU
		{0F7C352F-1FC3-40C9-B11C-E9906092D6B1}.AppStore|ARM.ActiveCfg = Release|ARM
		{0F7C352F-1FC3-40C9-B11C-E9906092D6B1}.AppStore|ARM.Build.0 = Release|ARM
		{0F7C352F-1FC3-40C9-B11C-E9906092D6B1}.AppStore|ARM.Deploy.0 = Release|ARM
		{0F7C352F-1FC3-40C9-B11C-E9906092D6B1}.AppStore|iPhone.ActiveCfg = Release|Any CPU
		{0F7C352F-1FC3-40C9-B11C-E9906092D6B1}.AppStore|iPhone.Build.0 = Release|Any CPU
		{0F7C352F-1FC3-40C9-B11C-E9906092D6B1}.AppStore|iPhone.Deploy.0 = Release|Any CPU
		{0F7C352F-1FC3-40C9-B11C-E9906092D6B1}.AppStore|iPhoneSimulator.ActiveCfg = Release|Any CPU
		{0F7C352F-1FC3-40C9-B11C-E9906092D6B1}.AppStore|iPhoneSimulator.Build.0 = Release|Any CPU
		{0F7C352F-1FC3-40C9-B11C-E9906092D6B1}.AppStore|iPhoneSimulator.Deploy.0 = Release|Any CPU
		{0F7C352F-1FC3-40C9-B11C-E9906092D6B1}.AppStore|Mixed Platforms.ActiveCfg = Debug|x86
		{0F7C352F-1FC3-40C9-B11C-E9906092D6B1}.AppStore|Mixed Platforms.Build.0 = Debug|x86
		{0F7C352F-1FC3-40C9-B11C-E9906092D6B1}.AppStore|Mixed Platforms.Deploy.0 = Debug|x86
		{0F7C352F-1FC3-40C9-B11C-E9906092D6B1}.AppStore|x64.ActiveCfg = Release|Any CPU
		{0F7C352F-1FC3-40C9-B11C-E9906092D6B1}.AppStore|x64.Build.0 = Release|Any CPU
		{0F7C352F-1FC3-40C9-B11C-E9906092D6B1}.AppStore|x64.Deploy.0 = Release|Any CPU
		{0F7C352F-1FC3-40C9-B11C-E9906092D6B1}.AppStore|x86.ActiveCfg = Release|x86
		{0F7C352F-1FC3-40C9-B11C-E9906092D6B1}.AppStore|x86.Build.0 = Release|x86
		{0F7C352F-1FC3-40C9-B11C-E9906092D6B1}.AppStore|x86.Deploy.0 = Release|x86
		{0F7C352F-1FC3-40C9-B11C-E9906092D6B1}.Debug|Any CPU.ActiveCfg = Debug|Any CPU
		{0F7C352F-1FC3-40C9-B11C-E9906092D6B1}.Debug|Any CPU.Build.0 = Debug|Any CPU
		{0F7C352F-1FC3-40C9-B11C-E9906092D6B1}.Debug|Any CPU.Deploy.0 = Debug|Any CPU
		{0F7C352F-1FC3-40C9-B11C-E9906092D6B1}.Debug|ARM.ActiveCfg = Debug|ARM
		{0F7C352F-1FC3-40C9-B11C-E9906092D6B1}.Debug|ARM.Build.0 = Debug|ARM
		{0F7C352F-1FC3-40C9-B11C-E9906092D6B1}.Debug|ARM.Deploy.0 = Debug|ARM
		{0F7C352F-1FC3-40C9-B11C-E9906092D6B1}.Debug|iPhone.ActiveCfg = Debug|Any CPU
		{0F7C352F-1FC3-40C9-B11C-E9906092D6B1}.Debug|iPhone.Build.0 = Debug|Any CPU
		{0F7C352F-1FC3-40C9-B11C-E9906092D6B1}.Debug|iPhone.Deploy.0 = Debug|Any CPU
		{0F7C352F-1FC3-40C9-B11C-E9906092D6B1}.Debug|iPhoneSimulator.ActiveCfg = Debug|Any CPU
		{0F7C352F-1FC3-40C9-B11C-E9906092D6B1}.Debug|iPhoneSimulator.Build.0 = Debug|Any CPU
		{0F7C352F-1FC3-40C9-B11C-E9906092D6B1}.Debug|iPhoneSimulator.Deploy.0 = Debug|Any CPU
		{0F7C352F-1FC3-40C9-B11C-E9906092D6B1}.Debug|Mixed Platforms.ActiveCfg = Debug|x86
		{0F7C352F-1FC3-40C9-B11C-E9906092D6B1}.Debug|Mixed Platforms.Build.0 = Debug|x86
		{0F7C352F-1FC3-40C9-B11C-E9906092D6B1}.Debug|Mixed Platforms.Deploy.0 = Debug|x86
		{0F7C352F-1FC3-40C9-B11C-E9906092D6B1}.Debug|x64.ActiveCfg = Debug|Any CPU
		{0F7C352F-1FC3-40C9-B11C-E9906092D6B1}.Debug|x64.Build.0 = Debug|Any CPU
		{0F7C352F-1FC3-40C9-B11C-E9906092D6B1}.Debug|x64.Deploy.0 = Debug|Any CPU
		{0F7C352F-1FC3-40C9-B11C-E9906092D6B1}.Debug|x86.ActiveCfg = Debug|x86
		{0F7C352F-1FC3-40C9-B11C-E9906092D6B1}.Debug|x86.Build.0 = Debug|x86
		{0F7C352F-1FC3-40C9-B11C-E9906092D6B1}.Debug|x86.Deploy.0 = Debug|x86
		{0F7C352F-1FC3-40C9-B11C-E9906092D6B1}.Release|Any CPU.ActiveCfg = Release|Any CPU
		{0F7C352F-1FC3-40C9-B11C-E9906092D6B1}.Release|Any CPU.Build.0 = Release|Any CPU
		{0F7C352F-1FC3-40C9-B11C-E9906092D6B1}.Release|Any CPU.Deploy.0 = Release|Any CPU
		{0F7C352F-1FC3-40C9-B11C-E9906092D6B1}.Release|ARM.ActiveCfg = Release|ARM
		{0F7C352F-1FC3-40C9-B11C-E9906092D6B1}.Release|ARM.Build.0 = Release|ARM
		{0F7C352F-1FC3-40C9-B11C-E9906092D6B1}.Release|ARM.Deploy.0 = Release|ARM
		{0F7C352F-1FC3-40C9-B11C-E9906092D6B1}.Release|iPhone.ActiveCfg = Release|Any CPU
		{0F7C352F-1FC3-40C9-B11C-E9906092D6B1}.Release|iPhone.Build.0 = Release|Any CPU
		{0F7C352F-1FC3-40C9-B11C-E9906092D6B1}.Release|iPhone.Deploy.0 = Release|Any CPU
		{0F7C352F-1FC3-40C9-B11C-E9906092D6B1}.Release|iPhoneSimulator.ActiveCfg = Release|Any CPU
		{0F7C352F-1FC3-40C9-B11C-E9906092D6B1}.Release|iPhoneSimulator.Build.0 = Release|Any CPU
		{0F7C352F-1FC3-40C9-B11C-E9906092D6B1}.Release|iPhoneSimulator.Deploy.0 = Release|Any CPU
		{0F7C352F-1FC3-40C9-B11C-E9906092D6B1}.Release|Mixed Platforms.ActiveCfg = Release|x86
		{0F7C352F-1FC3-40C9-B11C-E9906092D6B1}.Release|Mixed Platforms.Build.0 = Release|x86
		{0F7C352F-1FC3-40C9-B11C-E9906092D6B1}.Release|Mixed Platforms.Deploy.0 = Release|x86
		{0F7C352F-1FC3-40C9-B11C-E9906092D6B1}.Release|x64.ActiveCfg = Release|Any CPU
		{0F7C352F-1FC3-40C9-B11C-E9906092D6B1}.Release|x64.Build.0 = Release|Any CPU
		{0F7C352F-1FC3-40C9-B11C-E9906092D6B1}.Release|x64.Deploy.0 = Release|Any CPU
		{0F7C352F-1FC3-40C9-B11C-E9906092D6B1}.Release|x86.ActiveCfg = Release|x86
		{0F7C352F-1FC3-40C9-B11C-E9906092D6B1}.Release|x86.Build.0 = Release|x86
		{0F7C352F-1FC3-40C9-B11C-E9906092D6B1}.Release|x86.Deploy.0 = Release|x86
		{46CEE386-55D7-4DB9-8A0E-4C31771FE150}.Ad-Hoc|Any CPU.ActiveCfg = Release|x86
		{46CEE386-55D7-4DB9-8A0E-4C31771FE150}.Ad-Hoc|Any CPU.Build.0 = Release|x86
		{46CEE386-55D7-4DB9-8A0E-4C31771FE150}.Ad-Hoc|Any CPU.Deploy.0 = Release|x86
		{46CEE386-55D7-4DB9-8A0E-4C31771FE150}.Ad-Hoc|ARM.ActiveCfg = Release|ARM
		{46CEE386-55D7-4DB9-8A0E-4C31771FE150}.Ad-Hoc|ARM.Build.0 = Release|ARM
		{46CEE386-55D7-4DB9-8A0E-4C31771FE150}.Ad-Hoc|ARM.Deploy.0 = Release|ARM
		{46CEE386-55D7-4DB9-8A0E-4C31771FE150}.Ad-Hoc|iPhone.ActiveCfg = Release|x86
		{46CEE386-55D7-4DB9-8A0E-4C31771FE150}.Ad-Hoc|iPhone.Build.0 = Release|x86
		{46CEE386-55D7-4DB9-8A0E-4C31771FE150}.Ad-Hoc|iPhone.Deploy.0 = Release|x86
		{46CEE386-55D7-4DB9-8A0E-4C31771FE150}.Ad-Hoc|iPhoneSimulator.ActiveCfg = Release|x86
		{46CEE386-55D7-4DB9-8A0E-4C31771FE150}.Ad-Hoc|iPhoneSimulator.Build.0 = Release|x86
		{46CEE386-55D7-4DB9-8A0E-4C31771FE150}.Ad-Hoc|iPhoneSimulator.Deploy.0 = Release|x86
		{46CEE386-55D7-4DB9-8A0E-4C31771FE150}.Ad-Hoc|Mixed Platforms.ActiveCfg = Debug|x86
		{46CEE386-55D7-4DB9-8A0E-4C31771FE150}.Ad-Hoc|Mixed Platforms.Build.0 = Debug|x86
		{46CEE386-55D7-4DB9-8A0E-4C31771FE150}.Ad-Hoc|Mixed Platforms.Deploy.0 = Debug|x86
		{46CEE386-55D7-4DB9-8A0E-4C31771FE150}.Ad-Hoc|x64.ActiveCfg = Release|x64
		{46CEE386-55D7-4DB9-8A0E-4C31771FE150}.Ad-Hoc|x64.Build.0 = Release|x64
		{46CEE386-55D7-4DB9-8A0E-4C31771FE150}.Ad-Hoc|x64.Deploy.0 = Release|x64
		{46CEE386-55D7-4DB9-8A0E-4C31771FE150}.Ad-Hoc|x86.ActiveCfg = Release|x86
		{46CEE386-55D7-4DB9-8A0E-4C31771FE150}.Ad-Hoc|x86.Build.0 = Release|x86
		{46CEE386-55D7-4DB9-8A0E-4C31771FE150}.Ad-Hoc|x86.Deploy.0 = Release|x86
		{46CEE386-55D7-4DB9-8A0E-4C31771FE150}.AppStore|Any CPU.ActiveCfg = Release|x86
		{46CEE386-55D7-4DB9-8A0E-4C31771FE150}.AppStore|Any CPU.Build.0 = Release|x86
		{46CEE386-55D7-4DB9-8A0E-4C31771FE150}.AppStore|Any CPU.Deploy.0 = Release|x86
		{46CEE386-55D7-4DB9-8A0E-4C31771FE150}.AppStore|ARM.ActiveCfg = Release|ARM
		{46CEE386-55D7-4DB9-8A0E-4C31771FE150}.AppStore|ARM.Build.0 = Release|ARM
		{46CEE386-55D7-4DB9-8A0E-4C31771FE150}.AppStore|ARM.Deploy.0 = Release|ARM
		{46CEE386-55D7-4DB9-8A0E-4C31771FE150}.AppStore|iPhone.ActiveCfg = Release|x86
		{46CEE386-55D7-4DB9-8A0E-4C31771FE150}.AppStore|iPhone.Build.0 = Release|x86
		{46CEE386-55D7-4DB9-8A0E-4C31771FE150}.AppStore|iPhone.Deploy.0 = Release|x86
		{46CEE386-55D7-4DB9-8A0E-4C31771FE150}.AppStore|iPhoneSimulator.ActiveCfg = Release|x86
		{46CEE386-55D7-4DB9-8A0E-4C31771FE150}.AppStore|iPhoneSimulator.Build.0 = Release|x86
		{46CEE386-55D7-4DB9-8A0E-4C31771FE150}.AppStore|iPhoneSimulator.Deploy.0 = Release|x86
		{46CEE386-55D7-4DB9-8A0E-4C31771FE150}.AppStore|Mixed Platforms.ActiveCfg = Debug|x86
		{46CEE386-55D7-4DB9-8A0E-4C31771FE150}.AppStore|Mixed Platforms.Build.0 = Debug|x86
		{46CEE386-55D7-4DB9-8A0E-4C31771FE150}.AppStore|Mixed Platforms.Deploy.0 = Debug|x86
		{46CEE386-55D7-4DB9-8A0E-4C31771FE150}.AppStore|x64.ActiveCfg = Release|x64
		{46CEE386-55D7-4DB9-8A0E-4C31771FE150}.AppStore|x64.Build.0 = Release|x64
		{46CEE386-55D7-4DB9-8A0E-4C31771FE150}.AppStore|x64.Deploy.0 = Release|x64
		{46CEE386-55D7-4DB9-8A0E-4C31771FE150}.AppStore|x86.ActiveCfg = Release|x86
		{46CEE386-55D7-4DB9-8A0E-4C31771FE150}.AppStore|x86.Build.0 = Release|x86
		{46CEE386-55D7-4DB9-8A0E-4C31771FE150}.AppStore|x86.Deploy.0 = Release|x86
		{46CEE386-55D7-4DB9-8A0E-4C31771FE150}.Debug|Any CPU.ActiveCfg = Debug|x86
		{46CEE386-55D7-4DB9-8A0E-4C31771FE150}.Debug|ARM.ActiveCfg = Debug|ARM
		{46CEE386-55D7-4DB9-8A0E-4C31771FE150}.Debug|ARM.Build.0 = Debug|ARM
		{46CEE386-55D7-4DB9-8A0E-4C31771FE150}.Debug|ARM.Deploy.0 = Debug|ARM
		{46CEE386-55D7-4DB9-8A0E-4C31771FE150}.Debug|iPhone.ActiveCfg = Debug|x86
		{46CEE386-55D7-4DB9-8A0E-4C31771FE150}.Debug|iPhoneSimulator.ActiveCfg = Debug|x86
		{46CEE386-55D7-4DB9-8A0E-4C31771FE150}.Debug|Mixed Platforms.ActiveCfg = Debug|x86
		{46CEE386-55D7-4DB9-8A0E-4C31771FE150}.Debug|Mixed Platforms.Build.0 = Debug|x86
		{46CEE386-55D7-4DB9-8A0E-4C31771FE150}.Debug|Mixed Platforms.Deploy.0 = Debug|x86
		{46CEE386-55D7-4DB9-8A0E-4C31771FE150}.Debug|x64.ActiveCfg = Debug|x64
		{46CEE386-55D7-4DB9-8A0E-4C31771FE150}.Debug|x64.Build.0 = Debug|x64
		{46CEE386-55D7-4DB9-8A0E-4C31771FE150}.Debug|x64.Deploy.0 = Debug|x64
		{46CEE386-55D7-4DB9-8A0E-4C31771FE150}.Debug|x86.ActiveCfg = Debug|x86
		{46CEE386-55D7-4DB9-8A0E-4C31771FE150}.Debug|x86.Build.0 = Debug|x86
		{46CEE386-55D7-4DB9-8A0E-4C31771FE150}.Debug|x86.Deploy.0 = Debug|x86
		{46CEE386-55D7-4DB9-8A0E-4C31771FE150}.Release|Any CPU.ActiveCfg = Release|x86
		{46CEE386-55D7-4DB9-8A0E-4C31771FE150}.Release|ARM.ActiveCfg = Release|ARM
		{46CEE386-55D7-4DB9-8A0E-4C31771FE150}.Release|ARM.Build.0 = Release|ARM
		{46CEE386-55D7-4DB9-8A0E-4C31771FE150}.Release|ARM.Deploy.0 = Release|ARM
		{46CEE386-55D7-4DB9-8A0E-4C31771FE150}.Release|iPhone.ActiveCfg = Release|x86
		{46CEE386-55D7-4DB9-8A0E-4C31771FE150}.Release|iPhoneSimulator.ActiveCfg = Release|x86
		{46CEE386-55D7-4DB9-8A0E-4C31771FE150}.Release|Mixed Platforms.ActiveCfg = Release|x86
		{46CEE386-55D7-4DB9-8A0E-4C31771FE150}.Release|Mixed Platforms.Build.0 = Release|x86
		{46CEE386-55D7-4DB9-8A0E-4C31771FE150}.Release|Mixed Platforms.Deploy.0 = Release|x86
		{46CEE386-55D7-4DB9-8A0E-4C31771FE150}.Release|x64.ActiveCfg = Release|x64
		{46CEE386-55D7-4DB9-8A0E-4C31771FE150}.Release|x64.Build.0 = Release|x64
		{46CEE386-55D7-4DB9-8A0E-4C31771FE150}.Release|x64.Deploy.0 = Release|x64
		{46CEE386-55D7-4DB9-8A0E-4C31771FE150}.Release|x86.ActiveCfg = Release|x86
		{46CEE386-55D7-4DB9-8A0E-4C31771FE150}.Release|x86.Build.0 = Release|x86
		{46CEE386-55D7-4DB9-8A0E-4C31771FE150}.Release|x86.Deploy.0 = Release|x86
		{72B47449-D616-43F6-BE54-5485FDC34A40}.Ad-Hoc|Any CPU.ActiveCfg = Release|Any CPU
		{72B47449-D616-43F6-BE54-5485FDC34A40}.Ad-Hoc|Any CPU.Build.0 = Release|Any CPU
		{72B47449-D616-43F6-BE54-5485FDC34A40}.Ad-Hoc|Any CPU.Deploy.0 = Release|Any CPU
		{72B47449-D616-43F6-BE54-5485FDC34A40}.Ad-Hoc|ARM.ActiveCfg = Release|ARM
		{72B47449-D616-43F6-BE54-5485FDC34A40}.Ad-Hoc|ARM.Build.0 = Release|ARM
		{72B47449-D616-43F6-BE54-5485FDC34A40}.Ad-Hoc|ARM.Deploy.0 = Release|ARM
		{72B47449-D616-43F6-BE54-5485FDC34A40}.Ad-Hoc|iPhone.ActiveCfg = Release|Any CPU
		{72B47449-D616-43F6-BE54-5485FDC34A40}.Ad-Hoc|iPhone.Build.0 = Release|Any CPU
		{72B47449-D616-43F6-BE54-5485FDC34A40}.Ad-Hoc|iPhone.Deploy.0 = Release|Any CPU
		{72B47449-D616-43F6-BE54-5485FDC34A40}.Ad-Hoc|iPhoneSimulator.ActiveCfg = Release|Any CPU
		{72B47449-D616-43F6-BE54-5485FDC34A40}.Ad-Hoc|iPhoneSimulator.Build.0 = Release|Any CPU
		{72B47449-D616-43F6-BE54-5485FDC34A40}.Ad-Hoc|iPhoneSimulator.Deploy.0 = Release|Any CPU
		{72B47449-D616-43F6-BE54-5485FDC34A40}.Ad-Hoc|Mixed Platforms.ActiveCfg = Debug|x86
		{72B47449-D616-43F6-BE54-5485FDC34A40}.Ad-Hoc|Mixed Platforms.Build.0 = Debug|x86
		{72B47449-D616-43F6-BE54-5485FDC34A40}.Ad-Hoc|Mixed Platforms.Deploy.0 = Debug|x86
		{72B47449-D616-43F6-BE54-5485FDC34A40}.Ad-Hoc|x64.ActiveCfg = Release|x64
		{72B47449-D616-43F6-BE54-5485FDC34A40}.Ad-Hoc|x64.Build.0 = Release|x64
		{72B47449-D616-43F6-BE54-5485FDC34A40}.Ad-Hoc|x64.Deploy.0 = Release|x64
		{72B47449-D616-43F6-BE54-5485FDC34A40}.Ad-Hoc|x86.ActiveCfg = Release|x86
		{72B47449-D616-43F6-BE54-5485FDC34A40}.Ad-Hoc|x86.Build.0 = Release|x86
		{72B47449-D616-43F6-BE54-5485FDC34A40}.Ad-Hoc|x86.Deploy.0 = Release|x86
		{72B47449-D616-43F6-BE54-5485FDC34A40}.AppStore|Any CPU.ActiveCfg = Release|Any CPU
		{72B47449-D616-43F6-BE54-5485FDC34A40}.AppStore|Any CPU.Build.0 = Release|Any CPU
		{72B47449-D616-43F6-BE54-5485FDC34A40}.AppStore|Any CPU.Deploy.0 = Release|Any CPU
		{72B47449-D616-43F6-BE54-5485FDC34A40}.AppStore|ARM.ActiveCfg = Release|ARM
		{72B47449-D616-43F6-BE54-5485FDC34A40}.AppStore|ARM.Build.0 = Release|ARM
		{72B47449-D616-43F6-BE54-5485FDC34A40}.AppStore|ARM.Deploy.0 = Release|ARM
		{72B47449-D616-43F6-BE54-5485FDC34A40}.AppStore|iPhone.ActiveCfg = Release|Any CPU
		{72B47449-D616-43F6-BE54-5485FDC34A40}.AppStore|iPhone.Build.0 = Release|Any CPU
		{72B47449-D616-43F6-BE54-5485FDC34A40}.AppStore|iPhone.Deploy.0 = Release|Any CPU
		{72B47449-D616-43F6-BE54-5485FDC34A40}.AppStore|iPhoneSimulator.ActiveCfg = Release|Any CPU
		{72B47449-D616-43F6-BE54-5485FDC34A40}.AppStore|iPhoneSimulator.Build.0 = Release|Any CPU
		{72B47449-D616-43F6-BE54-5485FDC34A40}.AppStore|iPhoneSimulator.Deploy.0 = Release|Any CPU
		{72B47449-D616-43F6-BE54-5485FDC34A40}.AppStore|Mixed Platforms.ActiveCfg = Debug|x86
		{72B47449-D616-43F6-BE54-5485FDC34A40}.AppStore|Mixed Platforms.Build.0 = Debug|x86
		{72B47449-D616-43F6-BE54-5485FDC34A40}.AppStore|Mixed Platforms.Deploy.0 = Debug|x86
		{72B47449-D616-43F6-BE54-5485FDC34A40}.AppStore|x64.ActiveCfg = Release|x64
		{72B47449-D616-43F6-BE54-5485FDC34A40}.AppStore|x64.Build.0 = Release|x64
		{72B47449-D616-43F6-BE54-5485FDC34A40}.AppStore|x64.Deploy.0 = Release|x64
		{72B47449-D616-43F6-BE54-5485FDC34A40}.AppStore|x86.ActiveCfg = Release|x86
		{72B47449-D616-43F6-BE54-5485FDC34A40}.AppStore|x86.Build.0 = Release|x86
		{72B47449-D616-43F6-BE54-5485FDC34A40}.AppStore|x86.Deploy.0 = Release|x86
		{72B47449-D616-43F6-BE54-5485FDC34A40}.Debug|Any CPU.ActiveCfg = Debug|Any CPU
		{72B47449-D616-43F6-BE54-5485FDC34A40}.Debug|Any CPU.Build.0 = Debug|Any CPU
		{72B47449-D616-43F6-BE54-5485FDC34A40}.Debug|Any CPU.Deploy.0 = Debug|Any CPU
		{72B47449-D616-43F6-BE54-5485FDC34A40}.Debug|ARM.ActiveCfg = Debug|ARM
		{72B47449-D616-43F6-BE54-5485FDC34A40}.Debug|ARM.Build.0 = Debug|ARM
		{72B47449-D616-43F6-BE54-5485FDC34A40}.Debug|ARM.Deploy.0 = Debug|ARM
		{72B47449-D616-43F6-BE54-5485FDC34A40}.Debug|iPhone.ActiveCfg = Debug|Any CPU
		{72B47449-D616-43F6-BE54-5485FDC34A40}.Debug|iPhone.Build.0 = Debug|Any CPU
		{72B47449-D616-43F6-BE54-5485FDC34A40}.Debug|iPhone.Deploy.0 = Debug|Any CPU
		{72B47449-D616-43F6-BE54-5485FDC34A40}.Debug|iPhoneSimulator.ActiveCfg = Debug|Any CPU
		{72B47449-D616-43F6-BE54-5485FDC34A40}.Debug|iPhoneSimulator.Build.0 = Debug|Any CPU
		{72B47449-D616-43F6-BE54-5485FDC34A40}.Debug|iPhoneSimulator.Deploy.0 = Debug|Any CPU
		{72B47449-D616-43F6-BE54-5485FDC34A40}.Debug|Mixed Platforms.ActiveCfg = Debug|x86
		{72B47449-D616-43F6-BE54-5485FDC34A40}.Debug|Mixed Platforms.Build.0 = Debug|x86
		{72B47449-D616-43F6-BE54-5485FDC34A40}.Debug|Mixed Platforms.Deploy.0 = Debug|x86
		{72B47449-D616-43F6-BE54-5485FDC34A40}.Debug|x64.ActiveCfg = Debug|x64
		{72B47449-D616-43F6-BE54-5485FDC34A40}.Debug|x64.Build.0 = Debug|x64
		{72B47449-D616-43F6-BE54-5485FDC34A40}.Debug|x64.Deploy.0 = Debug|x64
		{72B47449-D616-43F6-BE54-5485FDC34A40}.Debug|x86.ActiveCfg = Debug|x86
		{72B47449-D616-43F6-BE54-5485FDC34A40}.Debug|x86.Build.0 = Debug|x86
		{72B47449-D616-43F6-BE54-5485FDC34A40}.Debug|x86.Deploy.0 = Debug|x86
		{72B47449-D616-43F6-BE54-5485FDC34A40}.Release|Any CPU.ActiveCfg = Release|Any CPU
		{72B47449-D616-43F6-BE54-5485FDC34A40}.Release|Any CPU.Build.0 = Release|Any CPU
		{72B47449-D616-43F6-BE54-5485FDC34A40}.Release|Any CPU.Deploy.0 = Release|Any CPU
		{72B47449-D616-43F6-BE54-5485FDC34A40}.Release|ARM.ActiveCfg = Release|ARM
		{72B47449-D616-43F6-BE54-5485FDC34A40}.Release|ARM.Build.0 = Release|ARM
		{72B47449-D616-43F6-BE54-5485FDC34A40}.Release|ARM.Deploy.0 = Release|ARM
		{72B47449-D616-43F6-BE54-5485FDC34A40}.Release|iPhone.ActiveCfg = Release|Any CPU
		{72B47449-D616-43F6-BE54-5485FDC34A40}.Release|iPhone.Build.0 = Release|Any CPU
		{72B47449-D616-43F6-BE54-5485FDC34A40}.Release|iPhone.Deploy.0 = Release|Any CPU
		{72B47449-D616-43F6-BE54-5485FDC34A40}.Release|iPhoneSimulator.ActiveCfg = Release|Any CPU
		{72B47449-D616-43F6-BE54-5485FDC34A40}.Release|iPhoneSimulator.Build.0 = Release|Any CPU
		{72B47449-D616-43F6-BE54-5485FDC34A40}.Release|iPhoneSimulator.Deploy.0 = Release|Any CPU
		{72B47449-D616-43F6-BE54-5485FDC34A40}.Release|Mixed Platforms.ActiveCfg = Release|x86
		{72B47449-D616-43F6-BE54-5485FDC34A40}.Release|Mixed Platforms.Build.0 = Release|x86
		{72B47449-D616-43F6-BE54-5485FDC34A40}.Release|Mixed Platforms.Deploy.0 = Release|x86
		{72B47449-D616-43F6-BE54-5485FDC34A40}.Release|x64.ActiveCfg = Release|x64
		{72B47449-D616-43F6-BE54-5485FDC34A40}.Release|x64.Build.0 = Release|x64
		{72B47449-D616-43F6-BE54-5485FDC34A40}.Release|x64.Deploy.0 = Release|x64
		{72B47449-D616-43F6-BE54-5485FDC34A40}.Release|x86.ActiveCfg = Release|x86
		{72B47449-D616-43F6-BE54-5485FDC34A40}.Release|x86.Build.0 = Release|x86
		{72B47449-D616-43F6-BE54-5485FDC34A40}.Release|x86.Deploy.0 = Release|x86
		{85FADF1F-0631-4076-A62D-D102D8F055CB}.Ad-Hoc|Any CPU.ActiveCfg = Release|Any CPU
		{85FADF1F-0631-4076-A62D-D102D8F055CB}.Ad-Hoc|Any CPU.Build.0 = Release|Any CPU
		{85FADF1F-0631-4076-A62D-D102D8F055CB}.Ad-Hoc|ARM.ActiveCfg = Release|Any CPU
		{85FADF1F-0631-4076-A62D-D102D8F055CB}.Ad-Hoc|ARM.Build.0 = Release|Any CPU
		{85FADF1F-0631-4076-A62D-D102D8F055CB}.Ad-Hoc|iPhone.ActiveCfg = Release|Any CPU
		{85FADF1F-0631-4076-A62D-D102D8F055CB}.Ad-Hoc|iPhone.Build.0 = Release|Any CPU
		{85FADF1F-0631-4076-A62D-D102D8F055CB}.Ad-Hoc|iPhoneSimulator.ActiveCfg = Release|Any CPU
		{85FADF1F-0631-4076-A62D-D102D8F055CB}.Ad-Hoc|iPhoneSimulator.Build.0 = Release|Any CPU
		{85FADF1F-0631-4076-A62D-D102D8F055CB}.Ad-Hoc|Mixed Platforms.ActiveCfg = Debug|Any CPU
		{85FADF1F-0631-4076-A62D-D102D8F055CB}.Ad-Hoc|Mixed Platforms.Build.0 = Debug|Any CPU
		{85FADF1F-0631-4076-A62D-D102D8F055CB}.Ad-Hoc|x64.ActiveCfg = Release|Any CPU
		{85FADF1F-0631-4076-A62D-D102D8F055CB}.Ad-Hoc|x64.Build.0 = Release|Any CPU
		{85FADF1F-0631-4076-A62D-D102D8F055CB}.Ad-Hoc|x86.ActiveCfg = Release|Any CPU
		{85FADF1F-0631-4076-A62D-D102D8F055CB}.Ad-Hoc|x86.Build.0 = Release|Any CPU
		{85FADF1F-0631-4076-A62D-D102D8F055CB}.AppStore|Any CPU.ActiveCfg = Release|Any CPU
		{85FADF1F-0631-4076-A62D-D102D8F055CB}.AppStore|Any CPU.Build.0 = Release|Any CPU
		{85FADF1F-0631-4076-A62D-D102D8F055CB}.AppStore|ARM.ActiveCfg = Release|Any CPU
		{85FADF1F-0631-4076-A62D-D102D8F055CB}.AppStore|ARM.Build.0 = Release|Any CPU
		{85FADF1F-0631-4076-A62D-D102D8F055CB}.AppStore|iPhone.ActiveCfg = Release|Any CPU
		{85FADF1F-0631-4076-A62D-D102D8F055CB}.AppStore|iPhone.Build.0 = Release|Any CPU
		{85FADF1F-0631-4076-A62D-D102D8F055CB}.AppStore|iPhoneSimulator.ActiveCfg = Release|Any CPU
		{85FADF1F-0631-4076-A62D-D102D8F055CB}.AppStore|iPhoneSimulator.Build.0 = Release|Any CPU
		{85FADF1F-0631-4076-A62D-D102D8F055CB}.AppStore|Mixed Platforms.ActiveCfg = Debug|Any CPU
		{85FADF1F-0631-4076-A62D-D102D8F055CB}.AppStore|Mixed Platforms.Build.0 = Debug|Any CPU
		{85FADF1F-0631-4076-A62D-D102D8F055CB}.AppStore|x64.ActiveCfg = Release|Any CPU
		{85FADF1F-0631-4076-A62D-D102D8F055CB}.AppStore|x64.Build.0 = Release|Any CPU
		{85FADF1F-0631-4076-A62D-D102D8F055CB}.AppStore|x86.ActiveCfg = Release|Any CPU
		{85FADF1F-0631-4076-A62D-D102D8F055CB}.AppStore|x86.Build.0 = Release|Any CPU
		{85FADF1F-0631-4076-A62D-D102D8F055CB}.Debug|Any CPU.ActiveCfg = Debug|Any CPU
		{85FADF1F-0631-4076-A62D-D102D8F055CB}.Debug|Any CPU.Build.0 = Debug|Any CPU
		{85FADF1F-0631-4076-A62D-D102D8F055CB}.Debug|ARM.ActiveCfg = Debug|Any CPU
		{85FADF1F-0631-4076-A62D-D102D8F055CB}.Debug|ARM.Build.0 = Debug|Any CPU
		{85FADF1F-0631-4076-A62D-D102D8F055CB}.Debug|iPhone.ActiveCfg = Debug|Any CPU
		{85FADF1F-0631-4076-A62D-D102D8F055CB}.Debug|iPhone.Build.0 = Debug|Any CPU
		{85FADF1F-0631-4076-A62D-D102D8F055CB}.Debug|iPhoneSimulator.ActiveCfg = Debug|Any CPU
		{85FADF1F-0631-4076-A62D-D102D8F055CB}.Debug|iPhoneSimulator.Build.0 = Debug|Any CPU
		{85FADF1F-0631-4076-A62D-D102D8F055CB}.Debug|Mixed Platforms.ActiveCfg = Debug|Any CPU
		{85FADF1F-0631-4076-A62D-D102D8F055CB}.Debug|Mixed Platforms.Build.0 = Debug|Any CPU
		{85FADF1F-0631-4076-A62D-D102D8F055CB}.Debug|x64.ActiveCfg = Debug|Any CPU
		{85FADF1F-0631-4076-A62D-D102D8F055CB}.Debug|x64.Build.0 = Debug|Any CPU
		{85FADF1F-0631-4076-A62D-D102D8F055CB}.Debug|x86.ActiveCfg = Debug|Any CPU
		{85FADF1F-0631-4076-A62D-D102D8F055CB}.Debug|x86.Build.0 = Debug|Any CPU
		{85FADF1F-0631-4076-A62D-D102D8F055CB}.Release|Any CPU.ActiveCfg = Release|Any CPU
		{85FADF1F-0631-4076-A62D-D102D8F055CB}.Release|Any CPU.Build.0 = Release|Any CPU
		{85FADF1F-0631-4076-A62D-D102D8F055CB}.Release|ARM.ActiveCfg = Release|Any CPU
		{85FADF1F-0631-4076-A62D-D102D8F055CB}.Release|ARM.Build.0 = Release|Any CPU
		{85FADF1F-0631-4076-A62D-D102D8F055CB}.Release|iPhone.ActiveCfg = Release|Any CPU
		{85FADF1F-0631-4076-A62D-D102D8F055CB}.Release|iPhone.Build.0 = Release|Any CPU
		{85FADF1F-0631-4076-A62D-D102D8F055CB}.Release|iPhoneSimulator.ActiveCfg = Release|Any CPU
		{85FADF1F-0631-4076-A62D-D102D8F055CB}.Release|iPhoneSimulator.Build.0 = Release|Any CPU
		{85FADF1F-0631-4076-A62D-D102D8F055CB}.Release|Mixed Platforms.ActiveCfg = Release|Any CPU
		{85FADF1F-0631-4076-A62D-D102D8F055CB}.Release|Mixed Platforms.Build.0 = Release|Any CPU
		{85FADF1F-0631-4076-A62D-D102D8F055CB}.Release|x64.ActiveCfg = Release|Any CPU
		{85FADF1F-0631-4076-A62D-D102D8F055CB}.Release|x64.Build.0 = Release|Any CPU
		{85FADF1F-0631-4076-A62D-D102D8F055CB}.Release|x86.ActiveCfg = Release|Any CPU
		{85FADF1F-0631-4076-A62D-D102D8F055CB}.Release|x86.Build.0 = Release|Any CPU
	EndGlobalSection
	GlobalSection(SolutionProperties) = preSolution
		HideSolutionNode = FALSE
	EndGlobalSection
EndGlobal
